
Microsoft Visual Studio Solution File, Format Version 12.00
# Visual Studio Version 16
VisualStudioVersion = 16.0.32228.343
MinimumVisualStudioVersion = 10.0.40219.1
Project("{FAE04EC0-301F-11D3-BF4B-00C04F79EFBC}") = "Agenda", "Agenda\Agenda.csproj", "{58320435-B74D-4901-A49B-02E04BD513ED}"
EndProject
Global
	GlobalSection(SolutionConfigurationPlatforms) = preSolution
		Debug|Any CPU = Debug|Any CPU
		Release|Any CPU = Release|Any CPU
	EndGlobalSection
	GlobalSection(ProjectConfigurationPlatforms) = postSolution
		{58320435-B74D-4901-A49B-02E04BD513ED}.Debug|Any CPU.ActiveCfg = Debug|Any CPU
		{58320435-B74D-4901-A49B-02E04BD513ED}.Debug|Any CPU.Build.0 = Debug|Any CPU
		{58320435-B74D-4901-A49B-02E04BD513ED}.Release|Any CPU.ActiveCfg = Release|Any CPU
		{58320435-B74D-4901-A49B-02E04BD513ED}.Release|Any CPU.Build.0 = Release|Any CPU
	EndGlobalSection
	GlobalSection(SolutionProperties) = preSolution
		HideSolutionNode = FALSE
	EndGlobalSection
	GlobalSection(ExtensibilityGlobals) = postSolution
		SolutionGuid = {3296E604-2D3C-41CD-B5AC-14D3ED18808E}
	EndGlobalSection
EndGlobal
